
Microsoft Visual Studio Solution File, Format Version 12.00
# Visual Studio Version 16
VisualStudioVersion = 16.0.32802.440
MinimumVisualStudioVersion = 10.0.40219.1
Project("{9A19103F-16F7-4668-BE54-9A1E7A4F7556}") = "MobileDeviceLite", "MobileDeviceLite\MobileDeviceLite.csproj", "{21C53C0A-1B65-4093-8067-D412855E0B38}"
EndProject
Project("{FAE04EC0-301F-11D3-BF4B-00C04F79EFBC}") = "MobileDeviceLiteDemo", "MobileDeviceLiteDemo\MobileDeviceLiteDemo.csproj", "{3EF891A2-EFC0-4FA9-977B-FCF1E961D77D}"
EndProject
Global
	GlobalSection(SolutionConfigurationPlatforms) = preSolution
		Debug|Any CPU = Debug|Any CPU
		Release|Any CPU = Release|Any CPU
	EndGlobalSection
	GlobalSection(ProjectConfigurationPlatforms) = postSolution
		{21C53C0A-1B65-4093-8067-D412855E0B38}.Debug|Any CPU.ActiveCfg = Debug|Any CPU
		{21C53C0A-1B65-4093-8067-D412855E0B38}.Debug|Any CPU.Build.0 = Debug|Any CPU
		{21C53C0A-1B65-4093-8067-D412855E0B38}.Release|Any CPU.ActiveCfg = Release|Any CPU
		{21C53C0A-1B65-4093-8067-D412855E0B38}.Release|Any CPU.Build.0 = Release|Any CPU
		{3EF891A2-EFC0-4FA9-977B-FCF1E961D77D}.Debug|Any CPU.ActiveCfg = Debug|Any CPU
		{3EF891A2-EFC0-4FA9-977B-FCF1E961D77D}.Debug|Any CPU.Build.0 = Debug|Any CPU
		{3EF891A2-EFC0-4FA9-977B-FCF1E961D77D}.Release|Any CPU.ActiveCfg = Release|Any CPU
		{3EF891A2-EFC0-4FA9-977B-FCF1E961D77D}.Release|Any CPU.Build.0 = Release|Any CPU
	EndGlobalSection
	GlobalSection(SolutionProperties) = preSolution
		HideSolutionNode = FALSE
	EndGlobalSection
	GlobalSection(ExtensibilityGlobals) = postSolution
		SolutionGuid = {B7EEE3F8-73FA-4021-931A-A065BEB2EEAB}
	EndGlobalSection
EndGlobal
